{
  "name": "@portal-frontend/shared",
  "version": "0.0.1",
  "lockfileVersion": 1,
  "requires": true,
  "dependencies": {
    "styled-reset": {
      "version": "1.3.5",
      "resolved": "https://registry.npmjs.org/styled-reset/-/styled-reset-1.3.5.tgz",
      "integrity": "sha512-z4TxH7HwgP9jnqfLU4lzRj0CSnRgOPVrDHT9T0eS5NSwpGgAmE9N3681h7bGXdf9quqLMDX1f+K4bLJ8QZsn9g==",
      "dev": true
    }
  }
}
